
Microsoft Visual Studio Solution File, Format Version 12.00
# Visual Studio Version 17
VisualStudioVersion = 17.6.33801.468
MinimumVisualStudioVersion = 10.0.40219.1
Project("{FAE04EC0-301F-11D3-BF4B-00C04F79EFBC}") = "BarbezDotEu.Extensions.Http", "BarbezDotEu.Extensions.Http\BarbezDotEu.Extensions.Http.csproj", "{71CAF4CA-B88F-479F-83BC-953C287D6B97}"
EndProject
Global
	GlobalSection(SolutionConfigurationPlatforms) = preSolution
		Debug|Any CPU = Debug|Any CPU
		Release|Any CPU = Release|Any CPU
	EndGlobalSection
	GlobalSection(ProjectConfigurationPlatforms) = postSolution
		{71CAF4CA-B88F-479F-83BC-953C287D6B97}.Debug|Any CPU.ActiveCfg = Debug|Any CPU
		{71CAF4CA-B88F-479F-83BC-953C287D6B97}.Debug|Any CPU.Build.0 = Debug|Any CPU
		{71CAF4CA-B88F-479F-83BC-953C287D6B97}.Release|Any CPU.ActiveCfg = Release|Any CPU
		{71CAF4CA-B88F-479F-83BC-953C287D6B97}.Release|Any CPU.Build.0 = Release|Any CPU
	EndGlobalSection
	GlobalSection(SolutionProperties) = preSolution
		HideSolutionNode = FALSE
	EndGlobalSection
	GlobalSection(ExtensibilityGlobals) = postSolution
		SolutionGuid = {27461C6C-8789-4153-B5E6-BBAA913C34C0}
	EndGlobalSection
EndGlobal
